{
  "requires": true,
  "lockfileVersion": 1,
  "dependencies": {
    "big-number": {
      "version": "2.0.0",
      "resolved": "https://registry.npmjs.org/big-number/-/big-number-2.0.0.tgz",
      "integrity": "sha512-C67Su0g+XsmXADX/UM9L/+xSbqqwq0D/qGJs2ky6Noy2FDuCZnC38ZSXODiaBvqWma2VYRZEXgm4H74PS6tCDg=="
    }
  }
}
